// !$*UTF8*$!
{
	archiveVersion = 1;
	classes = {
	};
	objectVersion = 48;
	objects = {

/* Begin PBXBuildFile section */
		081ACE621FC87AE200F3E418 /* AppDelegate.swift in Sources */ = {isa = PBXBuildFile; fileRef = 081ACE611FC87AE200F3E418 /* AppDelegate.swift */; };
		081ACE671FC87AE200F3E418 /* Main.storyboard in Resources */ = {isa = PBXBuildFile; fileRef = 081ACE651FC87AE200F3E418 /* Main.storyboard */; };
		081ACE691FC87AE200F3E418 /* Assets.xcassets in Resources */ = {isa = PBXBuildFile; fileRef = 081ACE681FC87AE200F3E418 /* Assets.xcassets */; };
		081ACE6C1FC87AE200F3E418 /* LaunchScreen.storyboard in Resources */ = {isa = PBXBuildFile; fileRef = 081ACE6A1FC87AE200F3E418 /* LaunchScreen.storyboard */; };
		081ACE971FC87BAE00F3E418 /* IntentHandler.swift in Sources */ = {isa = PBXBuildFile; fileRef = 081ACE961FC87BAE00F3E418 /* IntentHandler.swift */; };
		081ACEA01FC87BAE00F3E418 /* IntentsUI.framework in Frameworks */ = {isa = PBXBuildFile; fileRef = 081ACE9F1FC87BAE00F3E418 /* IntentsUI.framework */; };
		081ACEAA1FC87BAE00F3E418 /* SiriPaymentUI.appex in Embed App Extensions */ = {isa = PBXBuildFile; fileRef = 081ACE9D1FC87BAE00F3E418 /* SiriPaymentUI.appex */; settings = {ATTRIBUTES = (RemoveHeadersOnCopy, ); }; };
		081ACEAD1FC87BAE00F3E418 /* SiriPayment.appex in Embed App Extensions */ = {isa = PBXBuildFile; fileRef = 081ACE941FC87BAE00F3E418 /* SiriPayment.appex */; settings = {ATTRIBUTES = (RemoveHeadersOnCopy, ); }; };
		086D7D681FCAD3D3005D0404 /* PaymentHistoryModel.swift in Sources */ = {isa = PBXBuildFile; fileRef = 08C56D141FC99218000B6345 /* PaymentHistoryModel.swift */; };
		086D7D691FCAD3D9005D0404 /* Payment.swift in Sources */ = {isa = PBXBuildFile; fileRef = 08C56D101FC97E81000B6345 /* Payment.swift */; };
		08C56D111FC97E81000B6345 /* Payment.swift in Sources */ = {isa = PBXBuildFile; fileRef = 08C56D101FC97E81000B6345 /* Payment.swift */; };
		08C56D131FC97FA1000B6345 /* PaymentTableViewController.swift in Sources */ = {isa = PBXBuildFile; fileRef = 08C56D121FC97FA1000B6345 /* PaymentTableViewController.swift */; };
		08C56D151FC99218000B6345 /* PaymentHistoryModel.swift in Sources */ = {isa = PBXBuildFile; fileRef = 08C56D141FC99218000B6345 /* PaymentHistoryModel.swift */; };
		08C56D171FC9D05E000B6345 /* NewPaymentViewController.swift in Sources */ = {isa = PBXBuildFile; fileRef = 08C56D161FC9D05D000B6345 /* NewPaymentViewController.swift */; };
/* End PBXBuildFile section */

/* Begin PBXContainerItemProxy section */
		081ACE731FC87AE200F3E418 /* PBXContainerItemProxy */ = {
			isa = PBXContainerItemProxy;
			containerPortal = 081ACE561FC87AE100F3E418 /* Project object */;
			proxyType = 1;
			remoteGlobalIDString = 081ACE5D1FC87AE200F3E418;
			remoteInfo = WS1718SiriKit;
		};
		081ACE7E1FC87AE200F3E418 /* PBXContainerItemProxy */ = {
			isa = PBXContainerItemProxy;
			containerPortal = 081ACE561FC87AE100F3E418 /* Project object */;
			proxyType = 1;
			remoteGlobalIDString = 081ACE5D1FC87AE200F3E418;
			remoteInfo = WS1718SiriKit;
		};
		081ACEA81FC87BAE00F3E418 /* PBXContainerItemProxy */ = {
			isa = PBXContainerItemProxy;
			containerPortal = 081ACE561FC87AE100F3E418 /* Project object */;
			proxyType = 1;
			remoteGlobalIDString = 081ACE9C1FC87BAE00F3E418;
			remoteInfo = SiriPaymentUI;
		};
		081ACEAB1FC87BAE00F3E418 /* PBXContainerItemProxy */ = {
			isa = PBXContainerItemProxy;
			containerPortal = 081ACE561FC87AE100F3E418 /* Project object */;
			proxyType = 1;
			remoteGlobalIDString = 081ACE931FC87BAE00F3E418;
			remoteInfo = SiriPayment;
		};
/* End PBXContainerItemProxy section */

/* Begin PBXCopyFilesBuildPhase section */
		081ACEB41FC87BAE00F3E418 /* Embed App Extensions */ = {
			isa = PBXCopyFilesBuildPhase;
			buildActionMask = 2147483647;
			dstPath = "";
			dstSubfolderSpec = 13;
			files = (
				081ACEAD1FC87BAE00F3E418 /* SiriPayment.appex in Embed App Extensions */,
				081ACEAA1FC87BAE00F3E418 /* SiriPaymentUI.appex in Embed App Extensions */,
			);
			name = "Embed App Extensions";
			runOnlyForDeploymentPostprocessing = 0;
		};
/* End PBXCopyFilesBuildPhase section */

/* Begin PBXFileReference section */
		081ACE5E1FC87AE200F3E418 /* WS1718SiriKit.app */ = {isa = PBXFileReference; explicitFileType = wrapper.application; includeInIndex = 0; path = WS1718SiriKit.app; sourceTree = BUILT_PRODUCTS_DIR; };
		081ACE611FC87AE200F3E418 /* AppDelegate.swift */ = {isa = PBXFileReference; lastKnownFileType = sourcecode.swift; path = AppDelegate.swift; sourceTree = "<group>"; };
		081ACE661FC87AE200F3E418 /* Base */ = {isa = PBXFileReference; lastKnownFileType = file.storyboard; name = Base; path = Base.lproj/Main.storyboard; sourceTree = "<group>"; };
		081ACE681FC87AE200F3E418 /* Assets.xcassets */ = {isa = PBXFileReference; lastKnownFileType = folder.assetcatalog; path = Assets.xcassets; sourceTree = "<group>"; };
		081ACE6B1FC87AE200F3E418 /* Base */ = {isa = PBXFileReference; lastKnownFileType = file.storyboard; name = Base; path = Base.lproj/LaunchScreen.storyboard; sourceTree = "<group>"; };
		081ACE6D1FC87AE200F3E418 /* Info.plist */ = {isa = PBXFileReference; lastKnownFileType = text.plist.xml; path = Info.plist; sourceTree = "<group>"; };
		081ACE721FC87AE200F3E418 /* WS1718SiriKitTests.xctest */ = {isa = PBXFileReference; explicitFileType = wrapper.cfbundle; includeInIndex = 0; path = WS1718SiriKitTests.xctest; sourceTree = BUILT_PRODUCTS_DIR; };
		081ACE7D1FC87AE200F3E418 /* WS1718SiriKitUITests.xctest */ = {isa = PBXFileReference; explicitFileType = wrapper.cfbundle; includeInIndex = 0; path = WS1718SiriKitUITests.xctest; sourceTree = BUILT_PRODUCTS_DIR; };
		081ACE8F1FC87AF900F3E418 /* WS1718SiriKit.entitlements */ = {isa = PBXFileReference; lastKnownFileType = text.plist.entitlements; path = WS1718SiriKit.entitlements; sourceTree = "<group>"; };
		081ACE941FC87BAE00F3E418 /* SiriPayment.appex */ = {isa = PBXFileReference; explicitFileType = "wrapper.app-extension"; includeInIndex = 0; path = SiriPayment.appex; sourceTree = BUILT_PRODUCTS_DIR; };
		081ACE961FC87BAE00F3E418 /* IntentHandler.swift */ = {isa = PBXFileReference; lastKnownFileType = sourcecode.swift; path = IntentHandler.swift; sourceTree = "<group>"; };
		081ACE981FC87BAE00F3E418 /* Info.plist */ = {isa = PBXFileReference; lastKnownFileType = text.plist.xml; path = Info.plist; sourceTree = "<group>"; };
		081ACE9D1FC87BAE00F3E418 /* SiriPaymentUI.appex */ = {isa = PBXFileReference; explicitFileType = "wrapper.app-extension"; includeInIndex = 0; path = SiriPaymentUI.appex; sourceTree = BUILT_PRODUCTS_DIR; };
		081ACE9F1FC87BAE00F3E418 /* IntentsUI.framework */ = {isa = PBXFileReference; lastKnownFileType = wrapper.framework; name = IntentsUI.framework; path = System/Library/Frameworks/IntentsUI.framework; sourceTree = SDKROOT; };
		08C56D101FC97E81000B6345 /* Payment.swift */ = {isa = PBXFileReference; lastKnownFileType = sourcecode.swift; path = Payment.swift; sourceTree = "<group>"; };
		08C56D121FC97FA1000B6345 /* PaymentTableViewController.swift */ = {isa = PBXFileReference; lastKnownFileType = sourcecode.swift; path = PaymentTableViewController.swift; sourceTree = "<group>"; };
		08C56D141FC99218000B6345 /* PaymentHistoryModel.swift */ = {isa = PBXFileReference; lastKnownFileType = sourcecode.swift; path = PaymentHistoryModel.swift; sourceTree = "<group>"; };
		08C56D161FC9D05D000B6345 /* NewPaymentViewController.swift */ = {isa = PBXFileReference; lastKnownFileType = sourcecode.swift; path = NewPaymentViewController.swift; sourceTree = "<group>"; };
/* End PBXFileReference section */

/* Begin PBXFrameworksBuildPhase section */
		081ACE5B1FC87AE200F3E418 /* Frameworks */ = {
			isa = PBXFrameworksBuildPhase;
			buildActionMask = 2147483647;
			files = (
			);
			runOnlyForDeploymentPostprocessing = 0;
		};
		081ACE6F1FC87AE200F3E418 /* Frameworks */ = {
			isa = PBXFrameworksBuildPhase;
			buildActionMask = 2147483647;
			files = (
			);
			runOnlyForDeploymentPostprocessing = 0;
		};
		081ACE7A1FC87AE200F3E418 /* Frameworks */ = {
			isa = PBXFrameworksBuildPhase;
			buildActionMask = 2147483647;
			files = (
			);
			runOnlyForDeploymentPostprocessing = 0;
		};
		081ACE911FC87BAE00F3E418 /* Frameworks */ = {
			isa = PBXFrameworksBuildPhase;
			buildActionMask = 2147483647;
			files = (
			);
			runOnlyForDeploymentPostprocessing = 0;
		};
		081ACE9A1FC87BAE00F3E418 /* Frameworks */ = {
			isa = PBXFrameworksBuildPhase;
			buildActionMask = 2147483647;
			files = (
				081ACEA01FC87BAE00F3E418 /* IntentsUI.framework in Frameworks */,
			);
			runOnlyForDeploymentPostprocessing = 0;
		};
/* End PBXFrameworksBuildPhase section */

/* Begin PBXGroup section */
		081ACE551FC87AE100F3E418 = {
			isa = PBXGroup;
			children = (
				081ACE601FC87AE200F3E418 /* WS1718SiriKit */,
				081ACE951FC87BAE00F3E418 /* SiriPayment */,
				081ACE9E1FC87BAE00F3E418 /* Frameworks */,
				081ACE5F1FC87AE200F3E418 /* Products */,
			);
			sourceTree = "<group>";
		};
		081ACE5F1FC87AE200F3E418 /* Products */ = {
			isa = PBXGroup;
			children = (
				081ACE5E1FC87AE200F3E418 /* WS1718SiriKit.app */,
				081ACE721FC87AE200F3E418 /* WS1718SiriKitTests.xctest */,
				081ACE7D1FC87AE200F3E418 /* WS1718SiriKitUITests.xctest */,
				081ACE941FC87BAE00F3E418 /* SiriPayment.appex */,
				081ACE9D1FC87BAE00F3E418 /* SiriPaymentUI.appex */,
			);
			name = Products;
			sourceTree = "<group>";
		};
		081ACE601FC87AE200F3E418 /* WS1718SiriKit */ = {
			isa = PBXGroup;
			children = (
				081ACE8F1FC87AF900F3E418 /* WS1718SiriKit.entitlements */,
				081ACE611FC87AE200F3E418 /* AppDelegate.swift */,
				081ACE651FC87AE200F3E418 /* Main.storyboard */,
				08C56D161FC9D05D000B6345 /* NewPaymentViewController.swift */,
				081ACE681FC87AE200F3E418 /* Assets.xcassets */,
				081ACE6A1FC87AE200F3E418 /* LaunchScreen.storyboard */,
				081ACE6D1FC87AE200F3E418 /* Info.plist */,
				08C56D101FC97E81000B6345 /* Payment.swift */,
				08C56D121FC97FA1000B6345 /* PaymentTableViewController.swift */,
				08C56D141FC99218000B6345 /* PaymentHistoryModel.swift */,
			);
			path = WS1718SiriKit;
			sourceTree = "<group>";
		};
		081ACE951FC87BAE00F3E418 /* SiriPayment */ = {
			isa = PBXGroup;
			children = (
				081ACE961FC87BAE00F3E418 /* IntentHandler.swift */,
				081ACE981FC87BAE00F3E418 /* Info.plist */,
			);
			path = SiriPayment;
			sourceTree = "<group>";
		};
		081ACE9E1FC87BAE00F3E418 /* Frameworks */ = {
			isa = PBXGroup;
			children = (
				081ACE9F1FC87BAE00F3E418 /* IntentsUI.framework */,
			);
			name = Frameworks;
			sourceTree = "<group>";
		};
/* End PBXGroup section */

/* Begin PBXNativeTarget section */
		081ACE5D1FC87AE200F3E418 /* WS1718SiriKit */ = {
			isa = PBXNativeTarget;
			buildConfigurationList = 081ACE861FC87AE200F3E418 /* Build configuration list for PBXNativeTarget "WS1718SiriKit" */;
			buildPhases = (
				081ACE5A1FC87AE200F3E418 /* Sources */,
				081ACE5B1FC87AE200F3E418 /* Frameworks */,
				081ACE5C1FC87AE200F3E418 /* Resources */,
				081ACEB41FC87BAE00F3E418 /* Embed App Extensions */,
			);
			buildRules = (
			);
			dependencies = (
				081ACEA91FC87BAE00F3E418 /* PBXTargetDependency */,
				081ACEAC1FC87BAE00F3E418 /* PBXTargetDependency */,
			);
			name = WS1718SiriKit;
			productName = WS1718SiriKit;
			productReference = 081ACE5E1FC87AE200F3E418 /* WS1718SiriKit.app */;
			productType = "com.apple.product-type.application";
		};
		081ACE711FC87AE200F3E418 /* WS1718SiriKitTests */ = {
			isa = PBXNativeTarget;
			buildConfigurationList = 081ACE891FC87AE200F3E418 /* Build configuration list for PBXNativeTarget "WS1718SiriKitTests" */;
			buildPhases = (
				081ACE6E1FC87AE200F3E418 /* Sources */,
				081ACE6F1FC87AE200F3E418 /* Frameworks */,
				081ACE701FC87AE200F3E418 /* Resources */,
			);
			buildRules = (
			);
			dependencies = (
				081ACE741FC87AE200F3E418 /* PBXTargetDependency */,
			);
			name = WS1718SiriKitTests;
			productName = WS1718SiriKitTests;
			productReference = 081ACE721FC87AE200F3E418 /* WS1718SiriKitTests.xctest */;
			productType = "com.apple.product-type.bundle.unit-test";
		};
		081ACE7C1FC87AE200F3E418 /* WS1718SiriKitUITests */ = {
			isa = PBXNativeTarget;
			buildConfigurationList = 081ACE8C1FC87AE200F3E418 /* Build configuration list for PBXNativeTarget "WS1718SiriKitUITests" */;
			buildPhases = (
				081ACE791FC87AE200F3E418 /* Sources */,
				081ACE7A1FC87AE200F3E418 /* Frameworks */,
				081ACE7B1FC87AE200F3E418 /* Resources */,
			);
			buildRules = (
			);
			dependencies = (
				081ACE7F1FC87AE200F3E418 /* PBXTargetDependency */,
			);
			name = WS1718SiriKitUITests;
			productName = WS1718SiriKitUITests;
			productReference = 081ACE7D1FC87AE200F3E418 /* WS1718SiriKitUITests.xctest */;
			productType = "com.apple.product-type.bundle.ui-testing";
		};
		081ACE931FC87BAE00F3E418 /* SiriPayment */ = {
			isa = PBXNativeTarget;
			buildConfigurationList = 081ACEB11FC87BAE00F3E418 /* Build configuration list for PBXNativeTarget "SiriPayment" */;
			buildPhases = (
				081ACE901FC87BAE00F3E418 /* Sources */,
				081ACE911FC87BAE00F3E418 /* Frameworks */,
				081ACE921FC87BAE00F3E418 /* Resources */,
			);
			buildRules = (
			);
			dependencies = (
			);
			name = SiriPayment;
			productName = SiriPayment;
			productReference = 081ACE941FC87BAE00F3E418 /* SiriPayment.appex */;
			productType = "com.apple.product-type.app-extension";
		};
		081ACE9C1FC87BAE00F3E418 /* SiriPaymentUI */ = {
			isa = PBXNativeTarget;
			buildConfigurationList = 081ACEAE1FC87BAE00F3E418 /* Build configuration list for PBXNativeTarget "SiriPaymentUI" */;
			buildPhases = (
				081ACE991FC87BAE00F3E418 /* Sources */,
				081ACE9A1FC87BAE00F3E418 /* Frameworks */,
				081ACE9B1FC87BAE00F3E418 /* Resources */,
			);
			buildRules = (
			);
			dependencies = (
			);
			name = SiriPaymentUI;
			productName = SiriPaymentUI;
			productReference = 081ACE9D1FC87BAE00F3E418 /* SiriPaymentUI.appex */;
			productType = "com.apple.product-type.app-extension";
		};
/* End PBXNativeTarget section */

/* Begin PBXProject section */
		081ACE561FC87AE100F3E418 /* Project object */ = {
			isa = PBXProject;
			attributes = {
				LastSwiftUpdateCheck = 0900;
				LastUpgradeCheck = 0900;
				ORGANIZATIONNAME = "RWTH Aachen University (Media Computing Group)";
				TargetAttributes = {
					081ACE5D1FC87AE200F3E418 = {
						CreatedOnToolsVersion = 9.0;
						ProvisioningStyle = Automatic;
						SystemCapabilities = {
							com.apple.Siri = {
								enabled = 1;
							};
						};
					};
					081ACE711FC87AE200F3E418 = {
						CreatedOnToolsVersion = 9.0;
						ProvisioningStyle = Automatic;
						TestTargetID = 081ACE5D1FC87AE200F3E418;
					};
					081ACE7C1FC87AE200F3E418 = {
						CreatedOnToolsVersion = 9.0;
						ProvisioningStyle = Automatic;
						TestTargetID = 081ACE5D1FC87AE200F3E418;
					};
					081ACE931FC87BAE00F3E418 = {
						CreatedOnToolsVersion = 9.0;
						ProvisioningStyle = Automatic;
					};
					081ACE9C1FC87BAE00F3E418 = {
						CreatedOnToolsVersion = 9.0;
						ProvisioningStyle = Automatic;
					};
				};
			};
			buildConfigurationList = 081ACE591FC87AE100F3E418 /* Build configuration list for PBXProject "WS1718SiriKit" */;
			compatibilityVersion = "Xcode 8.0";
			developmentRegion = en;
			hasScannedForEncodings = 0;
			knownRegions = (
				en,
				Base,
			);
			mainGroup = 081ACE551FC87AE100F3E418;
			productRefGroup = 081ACE5F1FC87AE200F3E418 /* Products */;
			projectDirPath = "";
			projectRoot = "";
			targets = (
				081ACE5D1FC87AE200F3E418 /* WS1718SiriKit */,
				081ACE711FC87AE200F3E418 /* WS1718SiriKitTests */,
				081ACE7C1FC87AE200F3E418 /* WS1718SiriKitUITests */,
				081ACE931FC87BAE00F3E418 /* SiriPayment */,
				081ACE9C1FC87BAE00F3E418 /* SiriPaymentUI */,
			);
		};
/* End PBXProject section */

/* Begin PBXResourcesBuildPhase section */
		081ACE5C1FC87AE200F3E418 /* Resources */ = {
			isa = PBXResourcesBuildPhase;
			buildActionMask = 2147483647;
			files = (
				081ACE6C1FC87AE200F3E418 /* LaunchScreen.storyboard in Resources */,
				081ACE691FC87AE200F3E418 /* Assets.xcassets in Resources */,
				081ACE671FC87AE200F3E418 /* Main.storyboard in Resources */,
			);
			runOnlyForDeploymentPostprocessing = 0;
		};
		081ACE701FC87AE200F3E418 /* Resources */ = {
			isa = PBXResourcesBuildPhase;
			buildActionMask = 2147483647;
			files = (
			);
			runOnlyForDeploymentPostprocessing = 0;
		};
		081ACE7B1FC87AE200F3E418 /* Resources */ = {
			isa = PBXResourcesBuildPhase;
			buildActionMask = 2147483647;
			files = (
			);
			runOnlyForDeploymentPostprocessing = 0;
		};
		081ACE921FC87BAE00F3E418 /* Resources */ = {
			isa = PBXResourcesBuildPhase;
			buildActionMask = 2147483647;
			files = (
			);
			runOnlyForDeploymentPostprocessing = 0;
		};
		081ACE9B1FC87BAE00F3E418 /* Resources */ = {
			isa = PBXResourcesBuildPhase;
			buildActionMask = 2147483647;
			files = (
			);
			runOnlyForDeploymentPostprocessing = 0;
		};
/* End PBXResourcesBuildPhase section */

/* Begin PBXSourcesBuildPhase section */
		081ACE5A1FC87AE200F3E418 /* Sources */ = {
			isa = PBXSourcesBuildPhase;
			buildActionMask = 2147483647;
			files = (
				08C56D171FC9D05E000B6345 /* NewPaymentViewController.swift in Sources */,
				08C56D151FC99218000B6345 /* PaymentHistoryModel.swift in Sources */,
				08C56D131FC97FA1000B6345 /* PaymentTableViewController.swift in Sources */,
				08C56D111FC97E81000B6345 /* Payment.swift in Sources */,
				081ACE621FC87AE200F3E418 /* AppDelegate.swift in Sources */,
			);
			runOnlyForDeploymentPostprocessing = 0;
		};
		081ACE6E1FC87AE200F3E418 /* Sources */ = {
			isa = PBXSourcesBuildPhase;
			buildActionMask = 2147483647;
			files = (
			);
			runOnlyForDeploymentPostprocessing = 0;
		};
		081ACE791FC87AE200F3E418 /* Sources */ = {
			isa = PBXSourcesBuildPhase;
			buildActionMask = 2147483647;
			files = (
			);
			runOnlyForDeploymentPostprocessing = 0;
		};
		081ACE901FC87BAE00F3E418 /* Sources */ = {
			isa = PBXSourcesBuildPhase;
			buildActionMask = 2147483647;
			files = (
				081ACE971FC87BAE00F3E418 /* IntentHandler.swift in Sources */,
				086D7D691FCAD3D9005D0404 /* Payment.swift in Sources */,
				086D7D681FCAD3D3005D0404 /* PaymentHistoryModel.swift in Sources */,
			);
			runOnlyForDeploymentPostprocessing = 0;
		};
		081ACE991FC87BAE00F3E418 /* Sources */ = {
			isa = PBXSourcesBuildPhase;
			buildActionMask = 2147483647;
			files = (
			);
			runOnlyForDeploymentPostprocessing = 0;
		};
/* End PBXSourcesBuildPhase section */

/* Begin PBXTargetDependency section */
		081ACE741FC87AE200F3E418 /* PBXTargetDependency */ = {
			isa = PBXTargetDependency;
			target = 081ACE5D1FC87AE200F3E418 /* WS1718SiriKit */;
			targetProxy = 081ACE731FC87AE200F3E418 /* PBXContainerItemProxy */;
		};
		081ACE7F1FC87AE200F3E418 /* PBXTargetDependency */ = {
			isa = PBXTargetDependency;
			target = 081ACE5D1FC87AE200F3E418 /* WS1718SiriKit */;
			targetProxy = 081ACE7E1FC87AE200F3E418 /* PBXContainerItemProxy */;
		};
		081ACEA91FC87BAE00F3E418 /* PBXTargetDependency */ = {
			isa = PBXTargetDependency;
			target = 081ACE9C1FC87BAE00F3E418 /* SiriPaymentUI */;
			targetProxy = 081ACEA81FC87BAE00F3E418 /* PBXContainerItemProxy */;
		};
		081ACEAC1FC87BAE00F3E418 /* PBXTargetDependency */ = {
			isa = PBXTargetDependency;
			target = 081ACE931FC87BAE00F3E418 /* SiriPayment */;
			targetProxy = 081ACEAB1FC87BAE00F3E418 /* PBXContainerItemProxy */;
		};
/* End PBXTargetDependency section */

/* Begin PBXVariantGroup section */
		081ACE651FC87AE200F3E418 /* Main.storyboard */ = {
			isa = PBXVariantGroup;
			children = (
				081ACE661FC87AE200F3E418 /* Base */,
			);
			name = Main.storyboard;
			sourceTree = "<group>";
		};
		081ACE6A1FC87AE200F3E418 /* LaunchScreen.storyboard */ = {
			isa = PBXVariantGroup;
			children = (
				081ACE6B1FC87AE200F3E418 /* Base */,
			);
			name = LaunchScreen.storyboard;
			sourceTree = "<group>";
		};
/* End PBXVariantGroup section */

/* Begin XCBuildConfiguration section */
		081ACE841FC87AE200F3E418 /* Debug */ = {
			isa = XCBuildConfiguration;
			buildSettings = {
				ALWAYS_SEARCH_USER_PATHS = NO;
				CLANG_ANALYZER_NONNULL = YES;
				CLANG_ANALYZER_NUMBER_OBJECT_CONVERSION = YES_AGGRESSIVE;
				CLANG_CXX_LANGUAGE_STANDARD = "gnu++14";
				CLANG_CXX_LIBRARY = "libc++";
				CLANG_ENABLE_MODULES = YES;
				CLANG_ENABLE_OBJC_ARC = YES;
				CLANG_WARN_BLOCK_CAPTURE_AUTORELEASING = YES;
				CLANG_WARN_BOOL_CONVERSION = YES;
				CLANG_WARN_COMMA = YES;
				CLANG_WARN_CONSTANT_CONVERSION = YES;
				CLANG_WARN_DIRECT_OBJC_ISA_USAGE = YES_ERROR;
				CLANG_WARN_DOCUMENTATION_COMMENTS = YES;
				CLANG_WARN_EMPTY_BODY = YES;
				CLANG_WARN_ENUM_CONVERSION = YES;
				CLANG_WARN_INFINITE_RECURSION = YES;
				CLANG_WARN_INT_CONVERSION = YES;
				CLANG_WARN_NON_LITERAL_NULL_CONVERSION = YES;
				CLANG_WARN_OBJC_LITERAL_CONVERSION = YES;
				CLANG_WARN_OBJC_ROOT_CLASS = YES_ERROR;
				CLANG_WARN_RANGE_LOOP_ANALYSIS = YES;
				CLANG_WARN_STRICT_PROTOTYPES = YES;
				CLANG_WARN_SUSPICIOUS_MOVE = YES;
				CLANG_WARN_UNGUARDED_AVAILABILITY = YES_AGGRESSIVE;
				CLANG_WARN_UNREACHABLE_CODE = YES;
				CLANG_WARN__DUPLICATE_METHOD_MATCH = YES;
				CODE_SIGN_IDENTITY = "iPhone Developer";
				COPY_PHASE_STRIP = NO;
				DEBUG_INFORMATION_FORMAT = dwarf;
				ENABLE_STRICT_OBJC_MSGSEND = YES;
				ENABLE_TESTABILITY = YES;
				GCC_C_LANGUAGE_STANDARD = gnu11;
				GCC_DYNAMIC_NO_PIC = NO;
				GCC_NO_COMMON_BLOCKS = YES;
				GCC_OPTIMIZATION_LEVEL = 0;
				GCC_PREPROCESSOR_DEFINITIONS = (
					"DEBUG=1",
					"$(inherited)",
				);
				GCC_WARN_64_TO_32_BIT_CONVERSION = YES;
				GCC_WARN_ABOUT_RETURN_TYPE = YES_ERROR;
				GCC_WARN_UNDECLARED_SELECTOR = YES;
				GCC_WARN_UNINITIALIZED_AUTOS = YES_AGGRESSIVE;
				GCC_WARN_UNUSED_FUNCTION = YES;
				GCC_WARN_UNUSED_VARIABLE = YES;
				IPHONEOS_DEPLOYMENT_TARGET = 11.0;
				MTL_ENABLE_DEBUG_INFO = YES;
				ONLY_ACTIVE_ARCH = YES;
				SDKROOT = iphoneos;
				SWIFT_ACTIVE_COMPILATION_CONDITIONS = DEBUG;
				SWIFT_OPTIMIZATION_LEVEL = "-Onone";
			};
			name = Debug;
		};
		081ACE851FC87AE200F3E418 /* Release */ = {
			isa = XCBuildConfiguration;
			buildSettings = {
				ALWAYS_SEARCH_USER_PATHS = NO;
				CLANG_ANALYZER_NONNULL = YES;
				CLANG_ANALYZER_NUMBER_OBJECT_CONVERSION = YES_AGGRESSIVE;
				CLANG_CXX_LANGUAGE_STANDARD = "gnu++14";
				CLANG_CXX_LIBRARY = "libc++";
				CLANG_ENABLE_MODULES = YES;
				CLANG_ENABLE_OBJC_ARC = YES;
				CLANG_WARN_BLOCK_CAPTURE_AUTORELEASING = YES;
				CLANG_WARN_BOOL_CONVERSION = YES;
				CLANG_WARN_COMMA = YES;
				CLANG_WARN_CONSTANT_CONVERSION = YES;
				CLANG_WARN_DIRECT_OBJC_ISA_USAGE = YES_ERROR;
				CLANG_WARN_DOCUMENTATION_COMMENTS = YES;
				CLANG_WARN_EMPTY_BODY = YES;
				CLANG_WARN_ENUM_CONVERSION = YES;
				CLANG_WARN_INFINITE_RECURSION = YES;
				CLANG_WARN_INT_CONVERSION = YES;
				CLANG_WARN_NON_LITERAL_NULL_CONVERSION = YES;
				CLANG_WARN_OBJC_LITERAL_CONVERSION = YES;
				CLANG_WARN_OBJC_ROOT_CLASS = YES_ERROR;
				CLANG_WARN_RANGE_LOOP_ANALYSIS = YES;
				CLANG_WARN_STRICT_PROTOTYPES = YES;
				CLANG_WARN_SUSPICIOUS_MOVE = YES;
				CLANG_WARN_UNGUARDED_AVAILABILITY = YES_AGGRESSIVE;
				CLANG_WARN_UNREACHABLE_CODE = YES;
				CLANG_WARN__DUPLICATE_METHOD_MATCH = YES;
				CODE_SIGN_IDENTITY = "iPhone Developer";
				COPY_PHASE_STRIP = NO;
				DEBUG_INFORMATION_FORMAT = "dwarf-with-dsym";
				ENABLE_NS_ASSERTIONS = NO;
				ENABLE_STRICT_OBJC_MSGSEND = YES;
				GCC_C_LANGUAGE_STANDARD = gnu11;
				GCC_NO_COMMON_BLOCKS = YES;
				GCC_WARN_64_TO_32_BIT_CONVERSION = YES;
				GCC_WARN_ABOUT_RETURN_TYPE = YES_ERROR;
				GCC_WARN_UNDECLARED_SELECTOR = YES;
				GCC_WARN_UNINITIALIZED_AUTOS = YES_AGGRESSIVE;
				GCC_WARN_UNUSED_FUNCTION = YES;
				GCC_WARN_UNUSED_VARIABLE = YES;
				IPHONEOS_DEPLOYMENT_TARGET = 11.0;
				MTL_ENABLE_DEBUG_INFO = NO;
				SDKROOT = iphoneos;
				SWIFT_OPTIMIZATION_LEVEL = "-Owholemodule";
				VALIDATE_PRODUCT = YES;
			};
			name = Release;
		};
		081ACE871FC87AE200F3E418 /* Debug */ = {
			isa = XCBuildConfiguration;
			buildSettings = {
				ALWAYS_EMBED_SWIFT_STANDARD_LIBRARIES = YES;
				ASSETCATALOG_COMPILER_APPICON_NAME = AppIcon;
				CODE_SIGN_ENTITLEMENTS = WS1718SiriKit/WS1718SiriKit.entitlements;
				CODE_SIGN_STYLE = Automatic;
				DEVELOPMENT_TEAM = W88773838E;
				INFOPLIST_FILE = WS1718SiriKit/Info.plist;
				LD_RUNPATH_SEARCH_PATHS = "$(inherited) @executable_path/Frameworks";
				PRODUCT_BUNDLE_IDENTIFIER = "de.rwth-aachen.hci.WS1718SiriKit";
				PRODUCT_NAME = "$(TARGET_NAME)";
				SWIFT_VERSION = 4.0;
				TARGETED_DEVICE_FAMILY = "1,2";
			};
			name = Debug;
		};
		081ACE881FC87AE200F3E418 /* Release */ = {
			isa = XCBuildConfiguration;
			buildSettings = {
				ALWAYS_EMBED_SWIFT_STANDARD_LIBRARIES = YES;
				ASSETCATALOG_COMPILER_APPICON_NAME = AppIcon;
				CODE_SIGN_ENTITLEMENTS = WS1718SiriKit/WS1718SiriKit.entitlements;
				CODE_SIGN_STYLE = Automatic;
				DEVELOPMENT_TEAM = W88773838E;
				INFOPLIST_FILE = WS1718SiriKit/Info.plist;
				LD_RUNPATH_SEARCH_PATHS = "$(inherited) @executable_path/Frameworks";
				PRODUCT_BUNDLE_IDENTIFIER = "de.rwth-aachen.hci.WS1718SiriKit";
				PRODUCT_NAME = "$(TARGET_NAME)";
				SWIFT_VERSION = 4.0;
				TARGETED_DEVICE_FAMILY = "1,2";
			};
			name = Release;
		};
		081ACE8A1FC87AE200F3E418 /* Debug */ = {
			isa = XCBuildConfiguration;
			buildSettings = {
				ALWAYS_EMBED_SWIFT_STANDARD_LIBRARIES = YES;
				BUNDLE_LOADER = "$(TEST_HOST)";
				CODE_SIGN_STYLE = Automatic;
				DEVELOPMENT_TEAM = W88773838E;
				INFOPLIST_FILE = WS1718SiriKitTests/Info.plist;
				LD_RUNPATH_SEARCH_PATHS = "$(inherited) @executable_path/Frameworks @loader_path/Frameworks";
				PRODUCT_BUNDLE_IDENTIFIER = "de.rwth-aachen.hci.WS1718SiriKitTests";
				PRODUCT_NAME = "$(TARGET_NAME)";
				SWIFT_VERSION = 4.0;
				TARGETED_DEVICE_FAMILY = "1,2";
				TEST_HOST = "$(BUILT_PRODUCTS_DIR)/WS1718SiriKit.app/WS1718SiriKit";
			};
			name = Debug;
		};
		081ACE8B1FC87AE200F3E418 /* Release */ = {
			isa = XCBuildConfiguration;
			buildSettings = {
				ALWAYS_EMBED_SWIFT_STANDARD_LIBRARIES = YES;
				BUNDLE_LOADER = "$(TEST_HOST)";
				CODE_SIGN_STYLE = Automatic;
				DEVELOPMENT_TEAM = W88773838E;
				INFOPLIST_FILE = WS1718SiriKitTests/Info.plist;
				LD_RUNPATH_SEARCH_PATHS = "$(inherited) @executable_path/Frameworks @loader_path/Frameworks";
				PRODUCT_BUNDLE_IDENTIFIER = "de.rwth-aachen.hci.WS1718SiriKitTests";
				PRODUCT_NAME = "$(TARGET_NAME)";
				SWIFT_VERSION = 4.0;
				TARGETED_DEVICE_FAMILY = "1,2";
				TEST_HOST = "$(BUILT_PRODUCTS_DIR)/WS1718SiriKit.app/WS1718SiriKit";
			};
			name = Release;
		};
		081ACE8D1FC87AE200F3E418 /* Debug */ = {
			isa = XCBuildConfiguration;
			buildSettings = {
				ALWAYS_EMBED_SWIFT_STANDARD_LIBRARIES = YES;
				CODE_SIGN_STYLE = Automatic;
				DEVELOPMENT_TEAM = W88773838E;
				INFOPLIST_FILE = WS1718SiriKitUITests/Info.plist;
				LD_RUNPATH_SEARCH_PATHS = "$(inherited) @executable_path/Frameworks @loader_path/Frameworks";
				PRODUCT_BUNDLE_IDENTIFIER = "de.rwth-aachen.hci.WS1718SiriKitUITests";
				PRODUCT_NAME = "$(TARGET_NAME)";
				SWIFT_VERSION = 4.0;
				TARGETED_DEVICE_FAMILY = "1,2";
				TEST_TARGET_NAME = WS1718SiriKit;
			};
			name = Debug;
		};
		081ACE8E1FC87AE200F3E418 /* Release */ = {
			isa = XCBuildConfiguration;
			buildSettings = {
				ALWAYS_EMBED_SWIFT_STANDARD_LIBRARIES = YES;
				CODE_SIGN_STYLE = Automatic;
				DEVELOPMENT_TEAM = W88773838E;
				INFOPLIST_FILE = WS1718SiriKitUITests/Info.plist;
				LD_RUNPATH_SEARCH_PATHS = "$(inherited) @executable_path/Frameworks @loader_path/Frameworks";
				PRODUCT_BUNDLE_IDENTIFIER = "de.rwth-aachen.hci.WS1718SiriKitUITests";
				PRODUCT_NAME = "$(TARGET_NAME)";
				SWIFT_VERSION = 4.0;
				TARGETED_DEVICE_FAMILY = "1,2";
				TEST_TARGET_NAME = WS1718SiriKit;
			};
			name = Release;
		};
		081ACEAF1FC87BAE00F3E418 /* Debug */ = {
			isa = XCBuildConfiguration;
			buildSettings = {
				CODE_SIGN_STYLE = Automatic;
				DEVELOPMENT_TEAM = W88773838E;
				INFOPLIST_FILE = SiriPaymentUI/Info.plist;
				LD_RUNPATH_SEARCH_PATHS = "$(inherited) @executable_path/Frameworks @executable_path/../../Frameworks";
				PRODUCT_BUNDLE_IDENTIFIER = "de.rwth-aachen.hci.WS1718SiriKit.SiriPaymentUI";
				PRODUCT_NAME = "$(TARGET_NAME)";
				SKIP_INSTALL = YES;
				SWIFT_VERSION = 4.0;
				TARGETED_DEVICE_FAMILY = "1,2";
			};
			name = Debug;
		};
		081ACEB01FC87BAE00F3E418 /* Release */ = {
			isa = XCBuildConfiguration;
			buildSettings = {
				CODE_SIGN_STYLE = Automatic;
				DEVELOPMENT_TEAM = W88773838E;
				INFOPLIST_FILE = SiriPaymentUI/Info.plist;
				LD_RUNPATH_SEARCH_PATHS = "$(inherited) @executable_path/Frameworks @executable_path/../../Frameworks";
				PRODUCT_BUNDLE_IDENTIFIER = "de.rwth-aachen.hci.WS1718SiriKit.SiriPaymentUI";
				PRODUCT_NAME = "$(TARGET_NAME)";
				SKIP_INSTALL = YES;
				SWIFT_VERSION = 4.0;
				TARGETED_DEVICE_FAMILY = "1,2";
			};
			name = Release;
		};
		081ACEB21FC87BAE00F3E418 /* Debug */ = {
			isa = XCBuildConfiguration;
			buildSettings = {
				CODE_SIGN_STYLE = Automatic;
				DEVELOPMENT_TEAM = W88773838E;
				INFOPLIST_FILE = SiriPayment/Info.plist;
				LD_RUNPATH_SEARCH_PATHS = "$(inherited) @executable_path/Frameworks @executable_path/../../Frameworks";
				PRODUCT_BUNDLE_IDENTIFIER = "de.rwth-aachen.hci.WS1718SiriKit.SiriPayment";
				PRODUCT_NAME = "$(TARGET_NAME)";
				SKIP_INSTALL = YES;
				SWIFT_VERSION = 4.0;
				TARGETED_DEVICE_FAMILY = "1,2";
			};
			name = Debug;
		};
		081ACEB31FC87BAE00F3E418 /* Release */ = {
			isa = XCBuildConfiguration;
			buildSettings = {
				CODE_SIGN_STYLE = Automatic;
				DEVELOPMENT_TEAM = W88773838E;
				INFOPLIST_FILE = SiriPayment/Info.plist;
				LD_RUNPATH_SEARCH_PATHS = "$(inherited) @executable_path/Frameworks @executable_path/../../Frameworks";
				PRODUCT_BUNDLE_IDENTIFIER = "de.rwth-aachen.hci.WS1718SiriKit.SiriPayment";
				PRODUCT_NAME = "$(TARGET_NAME)";
				SKIP_INSTALL = YES;
				SWIFT_VERSION = 4.0;
				TARGETED_DEVICE_FAMILY = "1,2";
			};
			name = Release;
		};
/* End XCBuildConfiguration section */

/* Begin XCConfigurationList section */
		081ACE591FC87AE100F3E418 /* Build configuration list for PBXProject "WS1718SiriKit" */ = {
			isa = XCConfigurationList;
			buildConfigurations = (
				081ACE841FC87AE200F3E418 /* Debug */,
				081ACE851FC87AE200F3E418 /* Release */,
			);
			defaultConfigurationIsVisible = 0;
			defaultConfigurationName = Release;
		};
		081ACE861FC87AE200F3E418 /* Build configuration list for PBXNativeTarget "WS1718SiriKit" */ = {
			isa = XCConfigurationList;
			buildConfigurations = (
				081ACE871FC87AE200F3E418 /* Debug */,
				081ACE881FC87AE200F3E418 /* Release */,
			);
			defaultConfigurationIsVisible = 0;
			defaultConfigurationName = Release;
		};
		081ACE891FC87AE200F3E418 /* Build configuration list for PBXNativeTarget "WS1718SiriKitTests" */ = {
			isa = XCConfigurationList;
			buildConfigurations = (
				081ACE8A1FC87AE200F3E418 /* Debug */,
				081ACE8B1FC87AE200F3E418 /* Release */,
			);
			defaultConfigurationIsVisible = 0;
			defaultConfigurationName = Release;
		};
		081ACE8C1FC87AE200F3E418 /* Build configuration list for PBXNativeTarget "WS1718SiriKitUITests" */ = {
			isa = XCConfigurationList;
			buildConfigurations = (
				081ACE8D1FC87AE200F3E418 /* Debug */,
				081ACE8E1FC87AE200F3E418 /* Release */,
			);
			defaultConfigurationIsVisible = 0;
			defaultConfigurationName = Release;
		};
		081ACEAE1FC87BAE00F3E418 /* Build configuration list for PBXNativeTarget "SiriPaymentUI" */ = {
			isa = XCConfigurationList;
			buildConfigurations = (
				081ACEAF1FC87BAE00F3E418 /* Debug */,
				081ACEB01FC87BAE00F3E418 /* Release */,
			);
			defaultConfigurationIsVisible = 0;
			defaultConfigurationName = Release;
		};
		081ACEB11FC87BAE00F3E418 /* Build configuration list for PBXNativeTarget "SiriPayment" */ = {
			isa = XCConfigurationList;
			buildConfigurations = (
				081ACEB21FC87BAE00F3E418 /* Debug */,
				081ACEB31FC87BAE00F3E418 /* Release */,
			);
			defaultConfigurationIsVisible = 0;
			defaultConfigurationName = Release;
		};
/* End XCConfigurationList section */
	};
	rootObject = 081ACE561FC87AE100F3E418 /* Project object */;
}
